{
  "name": "node_tui",
  "version": "0.0.1",
  "lockfileVersion": 3,
  "requires": true,
  "packages": {
    "": {
      "name": "node_tui",
      "version": "0.0.1",
      "license": "BEL",
      "dependencies": {
        "@types/node": "^20.5.6"
      },
      "devDependencies": {
        "crayon.js": "^3.3.3",
        "prettier": "3.0.2"
      }
    },
    "node_modules/@types/node": {
      "version": "20.5.6",
      "resolved": "https://registry.npmjs.org/@types/node/-/node-20.5.6.tgz",
      "integrity": "sha512-Gi5wRGPbbyOTX+4Y2iULQ27oUPrefaB0PxGQJnfyWN3kvEDGM3mIB5M/gQLmitZf7A9FmLeaqxD3L1CXpm3VKQ=="
    },
    "node_modules/crayon.js": {
      "version": "3.3.3",
      "resolved": "https://registry.npmjs.org/crayon.js/-/crayon.js-3.3.3.tgz",
      "integrity": "sha512-axjHlkk5HRB4XYA1HKT11AzB0oL0bzD7UBKJT/2BeO/JrhHsmk2SiYYysQnKUwExEdKxJhhRL1yeyGNNZDj1mQ==",
      "dev": true
    },
    "node_modules/prettier": {
      "version": "3.0.2",
      "resolved": "https://registry.npmjs.org/prettier/-/prettier-3.0.2.tgz",
      "integrity": "sha512-o2YR9qtniXvwEZlOKbveKfDQVyqxbEIWn48Z8m3ZJjBjcCmUy3xZGIv+7AkaeuaTr6yPXJjwv07ZWlsWbEy1rQ==",
      "dev": true,
      "bin": {
        "prettier": "bin/prettier.cjs"
      },
      "engines": {
        "node": ">=14"
      },
      "funding": {
        "url": "https://github.com/prettier/prettier?sponsor=1"
      }
    }
  }
}
